{
  "name": "smash",
  "version": "0.0.0",
  "lockfileVersion": 3,
  "requires": true,
  "packages": {
    "": {
      "name": "smash",
      "version": "0.0.0",
      "dependencies": {
        "@tauri-apps/plugin-shell": "^2.2.0",
        "nano-jsx": "^0.1.0"
      },
      "devDependencies": {
        "@tauri-apps/api": "^2.2.0",
        "@tauri-apps/cli": "^2.2.2",
        "esbuild": "^0.20.2"
      }
    },
    "node_modules/@esbuild/darwin-x64": {
      "version": "0.20.2",
      "resolved": "https://registry.npmjs.org/@esbuild/darwin-x64/-/darwin-x64-0.20.2.tgz",
      "integrity": "sha512-tBcXp9KNphnNH0dfhv8KYkZhjc+H3XBkF5DKtswJblV7KlT9EI2+jeA8DgBjp908WEuYll6pF+UStUCfEpdysA==",
      "cpu": [
        "x64"
      ],
      "dev": true,
      "optional": true,
      "os": [
        "darwin"
      ],
      "engines": {
        "node": ">=12"
      }
    },
    "node_modules/@tauri-apps/api": {
      "version": "2.2.0",
      "resolved": "https://registry.npmjs.org/@tauri-apps/api/-/api-2.2.0.tgz",
      "integrity": "sha512-R8epOeZl1eJEl603aUMIGb4RXlhPjpgxbGVEaqY+0G5JG9vzV/clNlzTeqc+NLYXVqXcn8mb4c5b9pJIUDEyAg==",
      "funding": {
        "type": "opencollective",
        "url": "https://opencollective.com/tauri"
      }
    },
    "node_modules/@tauri-apps/cli": {
      "version": "2.2.2",
      "resolved": "https://registry.npmjs.org/@tauri-apps/cli/-/cli-2.2.2.tgz",
      "integrity": "sha512-5fVEdP4t4BT0ymvXZAM78kB0S/TaiRDLDoSRWGxVy1e7XCwuKyST5m6ybeyw/h/soK/91tbf+W3xXXy7XzkT4A==",
      "dev": true,
      "bin": {
        "tauri": "tauri.js"
      },
      "engines": {
        "node": ">= 10"
      },
      "funding": {
        "type": "opencollective",
        "url": "https://opencollective.com/tauri"
      },
      "optionalDependencies": {
        "@tauri-apps/cli-darwin-arm64": "2.2.2",
        "@tauri-apps/cli-darwin-x64": "2.2.2",
        "@tauri-apps/cli-linux-arm-gnueabihf": "2.2.2",
        "@tauri-apps/cli-linux-arm64-gnu": "2.2.2",
        "@tauri-apps/cli-linux-arm64-musl": "2.2.2",
        "@tauri-apps/cli-linux-x64-gnu": "2.2.2",
        "@tauri-apps/cli-linux-x64-musl": "2.2.2",
        "@tauri-apps/cli-win32-arm64-msvc": "2.2.2",
        "@tauri-apps/cli-win32-ia32-msvc": "2.2.2",
        "@tauri-apps/cli-win32-x64-msvc": "2.2.2"
      }
    },
    "node_modules/@tauri-apps/cli-darwin-arm64": {
      "version": "2.2.2",
      "resolved": "https://registry.npmjs.org/@tauri-apps/cli-darwin-arm64/-/cli-darwin-arm64-2.2.2.tgz",
      "integrity": "sha512-JMXbX5hGrLOzJbjisd7gBe25PmHouXA1+f4yVWg5PRlgxW7pla7krOzhu2mchFlMVDr8aLwhMLgohvvx+raXag==",
      "cpu": [
        "arm64"
      ],
      "dev": true,
      "optional": true,
      "os": [
        "darwin"
      ],
      "engines": {
        "node": ">= 10"
      }
    },
    "node_modules/@tauri-apps/cli-darwin-x64": {
      "version": "2.2.2",
      "resolved": "https://registry.npmjs.org/@tauri-apps/cli-darwin-x64/-/cli-darwin-x64-2.2.2.tgz",
      "integrity": "sha512-i2gxKXev+Ed0UWeq0xSiyRjSkzzBbu9MCOhs/QVv1YuV+097K/fF89f+a4v5JJftCq2IOHhSKH23KyTJBLnNKQ==",
      "cpu": [
        "x64"
      ],
      "dev": true,
      "optional": true,
      "os": [
        "darwin"
      ],
      "engines": {
        "node": ">= 10"
      }
    },
    "node_modules/@tauri-apps/cli-linux-arm-gnueabihf": {
      "version": "2.2.2",
      "resolved": "https://registry.npmjs.org/@tauri-apps/cli-linux-arm-gnueabihf/-/cli-linux-arm-gnueabihf-2.2.2.tgz",
      "integrity": "sha512-iC2HndsN5smmbvEDUQFyTHyYHSgx7OwJ6puyXLLpkAHnQDo4TGSPxIlPeZFSZmEoaJEmHLdG3j1LcFWOKrxWQg==",
      "cpu": [
        "arm"
      ],
      "dev": true,
      "optional": true,
      "os": [
        "linux"
      ],
      "engines": {
        "node": ">= 10"
      }
    },
    "node_modules/@tauri-apps/cli-linux-arm64-gnu": {
      "version": "2.2.2",
      "resolved": "https://registry.npmjs.org/@tauri-apps/cli-linux-arm64-gnu/-/cli-linux-arm64-gnu-2.2.2.tgz",
      "integrity": "sha512-YzK30tleUzWxfIp1davc5RhvmNZxiZQkUnQ4zajGJZ99zxNk8kwvv8nYSC3/J2R8sYpnuv+7CzNyIwA2s6yH+w==",
      "cpu": [
        "arm64"
      ],
      "dev": true,
      "optional": true,
      "os": [
        "linux"
      ],
      "engines": {
        "node": ">= 10"
      }
    },
    "node_modules/@tauri-apps/cli-linux-arm64-musl": {
      "version": "2.2.2",
      "resolved": "https://registry.npmjs.org/@tauri-apps/cli-linux-arm64-musl/-/cli-linux-arm64-musl-2.2.2.tgz",
      "integrity": "sha512-nOw2apBzOCTiH1fLOjL42ajHNhMzdp640CX5RrWkDYdyVO7YbGmWzrN26PPXohScScXVjSjtDDxdeQV1gHCxhg==",
      "cpu": [
        "arm64"
      ],
      "dev": true,
      "optional": true,
      "os": [
        "linux"
      ],
      "engines": {
        "node": ">= 10"
      }
    },
    "node_modules/@tauri-apps/cli-linux-x64-gnu": {
      "version": "2.2.2",
      "resolved": "https://registry.npmjs.org/@tauri-apps/cli-linux-x64-gnu/-/cli-linux-x64-gnu-2.2.2.tgz",
      "integrity": "sha512-Tmm4qVY8yxSugi8sCko1dyZxyPGK8m3tWm+b1J0DXwzxqaoMqNXuYGxkwtUdkznPXEfQSD8OGBfwjXNmVGE91Q==",
      "cpu": [
        "x64"
      ],
      "dev": true,
      "optional": true,
      "os": [
        "linux"
      ],
      "engines": {
        "node": ">= 10"
      }
    },
    "node_modules/@tauri-apps/cli-linux-x64-musl": {
      "version": "2.2.2",
      "resolved": "https://registry.npmjs.org/@tauri-apps/cli-linux-x64-musl/-/cli-linux-x64-musl-2.2.2.tgz",
      "integrity": "sha512-AwAcaCUhmwzOFPvje80g2BAhnkoEpXdl1E0Uk+lvr9makHM0+aV++M5jibD97yxKnK5NrQ9YXPH5Sn6CdncgUg==",
      "cpu": [
        "x64"
      ],
      "dev": true,
      "optional": true,
      "os": [
        "linux"
      ],
      "engines": {
        "node": ">= 10"
      }
    },
    "node_modules/@tauri-apps/cli-win32-arm64-msvc": {
      "version": "2.2.2",
      "resolved": "https://registry.npmjs.org/@tauri-apps/cli-win32-arm64-msvc/-/cli-win32-arm64-msvc-2.2.2.tgz",
      "integrity": "sha512-u7TnwuUAN+eX6R2kDfSM8fsUFiBzNqq9PnAOsQ2qbwbHGbu7mHfGO1OFgnIzBt1C9FolFbENk2pzjiL4R9baXQ==",
      "cpu": [
        "arm64"
      ],
      "dev": true,
      "optional": true,
      "os": [
        "win32"
      ],
      "engines": {
        "node": ">= 10"
      }
    },
    "node_modules/@tauri-apps/cli-win32-ia32-msvc": {
      "version": "2.2.2",
      "resolved": "https://registry.npmjs.org/@tauri-apps/cli-win32-ia32-msvc/-/cli-win32-ia32-msvc-2.2.2.tgz",
      "integrity": "sha512-9KScbGKU6GfHThEYWdlO0+COW/8SDfIXbYgEvEcfZztE4VedHBbI0XfU+l+aS8nJN+fvYX+DtvY0tpDwyo0G4A==",
      "cpu": [
        "ia32"
      ],
      "dev": true,
      "optional": true,
      "os": [
        "win32"
      ],
      "engines": {
        "node": ">= 10"
      }
    },
    "node_modules/@tauri-apps/cli-win32-x64-msvc": {
      "version": "2.2.2",
      "resolved": "https://registry.npmjs.org/@tauri-apps/cli-win32-x64-msvc/-/cli-win32-x64-msvc-2.2.2.tgz",
      "integrity": "sha512-ko8OWCLwFaHfdBaKbRX/C5btNt61v17qKOSQPksuc5PVvY0tAoci09612nEMlYiogZKEtn7VAqSdRAG6h0tz+g==",
      "cpu": [
        "x64"
      ],
      "dev": true,
      "optional": true,
      "os": [
        "win32"
      ],
      "engines": {
        "node": ">= 10"
      }
    },
    "node_modules/@tauri-apps/plugin-shell": {
      "version": "2.2.0",
      "resolved": "https://registry.npmjs.org/@tauri-apps/plugin-shell/-/plugin-shell-2.2.0.tgz",
      "integrity": "sha512-iC3Ic1hLmasoboG7BO+7p+AriSoqAwKrIk+Hpk+S/bjTQdXqbl2GbdclghI4gM32X0bls7xHzIFqhRdrlvJeaA==",
      "dependencies": {
        "@tauri-apps/api": "^2.0.0"
      }
    },
    "node_modules/esbuild": {
      "version": "0.20.2",
      "resolved": "https://registry.npmjs.org/esbuild/-/esbuild-0.20.2.tgz",
      "integrity": "sha512-WdOOppmUNU+IbZ0PaDiTst80zjnrOkyJNHoKupIcVyU8Lvla3Ugx94VzkQ32Ijqd7UhHJy75gNWDMUekcrSJ6g==",
      "dev": true,
      "hasInstallScript": true,
      "bin": {
        "esbuild": "bin/esbuild"
      },
      "engines": {
        "node": ">=12"
      },
      "optionalDependencies": {
        "@esbuild/aix-ppc64": "0.20.2",
        "@esbuild/android-arm": "0.20.2",
        "@esbuild/android-arm64": "0.20.2",
        "@esbuild/android-x64": "0.20.2",
        "@esbuild/darwin-arm64": "0.20.2",
        "@esbuild/darwin-x64": "0.20.2",
        "@esbuild/freebsd-arm64": "0.20.2",
        "@esbuild/freebsd-x64": "0.20.2",
        "@esbuild/linux-arm": "0.20.2",
        "@esbuild/linux-arm64": "0.20.2",
        "@esbuild/linux-ia32": "0.20.2",
        "@esbuild/linux-loong64": "0.20.2",
        "@esbuild/linux-mips64el": "0.20.2",
        "@esbuild/linux-ppc64": "0.20.2",
        "@esbuild/linux-riscv64": "0.20.2",
        "@esbuild/linux-s390x": "0.20.2",
        "@esbuild/linux-x64": "0.20.2",
        "@esbuild/netbsd-x64": "0.20.2",
        "@esbuild/openbsd-x64": "0.20.2",
        "@esbuild/sunos-x64": "0.20.2",
        "@esbuild/win32-arm64": "0.20.2",
        "@esbuild/win32-ia32": "0.20.2",
        "@esbuild/win32-x64": "0.20.2"
      }
    },
    "node_modules/nano-jsx": {
      "version": "0.1.0",
      "resolved": "https://registry.npmjs.org/nano-jsx/-/nano-jsx-0.1.0.tgz",
      "integrity": "sha512-S4qJM9ayruMdDnn3hiHNK6kq0ZvCaNrDL3RD5jc4AVhmsW1Ufk3xE64Q6xrjAzq1Gff+6VZ5+Au8For4FT/6LA==",
      "engines": {
        "node": ">=16"
      },
      "funding": {
        "url": "https://github.com/sponsors/yandeu"
      }
    }
  }
}
